Microsoft Visual Studio Solution File, Format Version 12.00
# Visual Studio Version 17
VisualStudioVersion = 17.5.2.0
MinimumVisualStudioVersion = 10.0.40219.1
Project("{FAE04EC0-301F-11D3-BF4B-00C04F79EFBC}") = "RoomSchedulerCS", "RoomSchedulerCS.csproj", "{9C6C69C9-7AFB-3AE1-38AE-B24E96B1A861}"
EndProject
Global
	GlobalSection(SolutionConfigurationPlatforms) = preSolution
		Debug|Any CPU = Debug|Any CPU
		Release|Any CPU = Release|Any CPU
	EndGlobalSection
	GlobalSection(ProjectConfigurationPlatforms) = postSolution
		{9C6C69C9-7AFB-3AE1-38AE-B24E96B1A861}.Debug|Any CPU.ActiveCfg = Debug|Any CPU
		{9C6C69C9-7AFB-3AE1-38AE-B24E96B1A861}.Debug|Any CPU.Build.0 = Debug|Any CPU
		{9C6C69C9-7AFB-3AE1-38AE-B24E96B1A861}.Release|Any CPU.ActiveCfg = Release|Any CPU
		{9C6C69C9-7AFB-3AE1-38AE-B24E96B1A861}.Release|Any CPU.Build.0 = Release|Any CPU
	EndGlobalSection
	GlobalSection(SolutionProperties) = preSolution
		HideSolutionNode = FALSE
	EndGlobalSection
	GlobalSection(ExtensibilityGlobals) = postSolution
		SolutionGuid = {DBB344DD-E54B-48AC-B122-5A33876C96D8}
	EndGlobalSection
EndGlobal
